{
  "requires": true,
  "lockfileVersion": 1,
  "dependencies": {
    "@types/node": {
      "version": "16.4.3",
      "resolved": "https://registry.npmjs.org/@types/node/-/node-16.4.3.tgz",
      "integrity": "sha512-GKM4FLMkWDc0sfx7tXqPWkM6NBow1kge0fgQh0bOnlqo4iT1kvTvMEKE0c1RtUGnbLlGRXiAA8SumE//90uKAg=="
    },
    "@types/ws": {
      "version": "7.4.7",
      "resolved": "https://registry.npmjs.org/@types/ws/-/ws-7.4.7.tgz",
      "integrity": "sha512-JQbbmxZTZehdc2iszGKs5oC3NFnjeay7mtAWrdt7qNtAVK0g19muApzAy4bm9byz79xa2ZnO/BOBC2R8RC5Lww==",
      "dev": true,
      "requires": {
        "@types/node": "*"
      }
    },
    "auth_api": {
      "version": "file:../auth_api",
      "requires": {
        "http_api": "file:../HTTP_API"
      },
      "dependencies": {
        "http_api": {
          "version": "file:../HTTP_API",
          "dependencies": {
            "@types/node": {
              "version": "16.4.3",
              "resolved": "https://registry.npmjs.org/@types/node/-/node-16.4.3.tgz",
              "integrity": "sha512-GKM4FLMkWDc0sfx7tXqPWkM6NBow1kge0fgQh0bOnlqo4iT1kvTvMEKE0c1RtUGnbLlGRXiAA8SumE//90uKAg=="
            }
          }
        }
      }
    },
    "config-api": {
      "version": "file:../Config_API"
    },
    "map_api": {
      "version": "file:../map_api",
      "requires": {
        "auth_api": "file:../auth_api"
      },
      "dependencies": {
        "auth_api": {
          "version": "file:../auth_api",
          "requires": {
            "http_api": "file:../HTTP_API"
          },
          "dependencies": {
            "@types/node": {
              "version": "16.4.10",
              "resolved": "https://registry.npmjs.org/@types/node/-/node-16.4.10.tgz",
              "integrity": "sha512-TmVHsm43br64js9BqHWqiDZA+xMtbUpI1MBIA0EyiBmoV9pcEYFOSdj5fr6enZNfh4fChh+AGOLIzGwJnkshyQ=="
            },
            "http_api": {
              "version": "file:../HTTP_API",
              "dependencies": {
                "@types/node": {
                  "version": "16.4.3",
                  "resolved": "https://registry.npmjs.org/@types/node/-/node-16.4.3.tgz",
                  "integrity": "sha512-GKM4FLMkWDc0sfx7tXqPWkM6NBow1kge0fgQh0bOnlqo4iT1kvTvMEKE0c1RtUGnbLlGRXiAA8SumE//90uKAg=="
                }
              }
            }
          }
        }
      }
    },
    "typescript": {
      "version": "4.3.5",
      "resolved": "https://registry.npmjs.org/typescript/-/typescript-4.3.5.tgz",
      "integrity": "sha512-DqQgihaQ9cUrskJo9kIyW/+g0Vxsk8cDtZ52a3NGh0YNTfpUSArXSohyUGnvbPazEPLu398C0UxmKSOrPumUzA=="
    },
    "ws": {
      "version": "8.1.0",
      "resolved": "https://registry.npmjs.org/ws/-/ws-8.1.0.tgz",
      "integrity": "sha512-0UWlCD2s3RSclw8FN+D0zDTUyMO+1kHwJQQJzkgUh16S8d3NYON0AKCEQPffE0ez4JyRFu76QDA9KR5bOG/7jw=="
    }
  }
}
